
Microsoft Visual Studio Solution File, Format Version 12.00
# Visual Studio Version 16
VisualStudioVersion = 16.0.31911.196
MinimumVisualStudioVersion = 10.0.40219.1
Project("{FAE04EC0-301F-11D3-BF4B-00C04F79EFBC}") = "Movies", "Movies\Movies.csproj", "{78A37C81-3312-437B-A1EE-A3A0608EE9E2}"
EndProject
Global
	GlobalSection(SolutionConfigurationPlatforms) = preSolution
		Debug|Any CPU = Debug|Any CPU
		Release|Any CPU = Release|Any CPU
	EndGlobalSection
	GlobalSection(ProjectConfigurationPlatforms) = postSolution
		{78A37C81-3312-437B-A1EE-A3A0608EE9E2}.Debug|Any CPU.ActiveCfg = Debug|Any CPU
		{78A37C81-3312-437B-A1EE-A3A0608EE9E2}.Debug|Any CPU.Build.0 = Debug|Any CPU
		{78A37C81-3312-437B-A1EE-A3A0608EE9E2}.Release|Any CPU.ActiveCfg = Release|Any CPU
		{78A37C81-3312-437B-A1EE-A3A0608EE9E2}.Release|Any CPU.Build.0 = Release|Any CPU
	EndGlobalSection
	GlobalSection(SolutionProperties) = preSolution
		HideSolutionNode = FALSE
	EndGlobalSection
	GlobalSection(ExtensibilityGlobals) = postSolution
		SolutionGuid = {4DDB6FD7-CE66-4511-8F41-9D21D2764D1B}
	EndGlobalSection
EndGlobal
